
Microsoft Visual Studio Solution File, Format Version 12.00
# Visual Studio Version 16
VisualStudioVersion = 16.0.31025.194
MinimumVisualStudioVersion = 10.0.40219.1
Project("{FAE04EC0-301F-11D3-BF4B-00C04F79EFBC}") = "Cu University", "Cu University\Cu University.csproj", "{4E4C84B0-DC35-4256-9DB5-3690D90195DA}"
EndProject
Global
	GlobalSection(SolutionConfigurationPlatforms) = preSolution
		Debug|Any CPU = Debug|Any CPU
		Release|Any CPU = Release|Any CPU
	EndGlobalSection
	GlobalSection(ProjectConfigurationPlatforms) = postSolution
		{4E4C84B0-DC35-4256-9DB5-3690D90195DA}.Debug|Any CPU.ActiveCfg = Debug|Any CPU
		{4E4C84B0-DC35-4256-9DB5-3690D90195DA}.Debug|Any CPU.Build.0 = Debug|Any CPU
		{4E4C84B0-DC35-4256-9DB5-3690D90195DA}.Release|Any CPU.ActiveCfg = Release|Any CPU
		{4E4C84B0-DC35-4256-9DB5-3690D90195DA}.Release|Any CPU.Build.0 = Release|Any CPU
	EndGlobalSection
	GlobalSection(SolutionProperties) = preSolution
		HideSolutionNode = FALSE
	EndGlobalSection
	GlobalSection(ExtensibilityGlobals) = postSolution
		SolutionGuid = {740F9298-6AEC-4AFE-928F-509FE439330D}
	EndGlobalSection
EndGlobal
